
Microsoft Visual Studio Solution File, Format Version 12.00
# Visual Studio Version 16
VisualStudioVersion = 16.0.30225.117
MinimumVisualStudioVersion = 10.0.40219.1
Project("{FAE04EC0-301F-11D3-BF4B-00C04F79EFBC}") = "ConsoleToXml", "ConsoleToXml.csproj", "{2C5C8EBB-B52E-405A-B0A9-8566157C3016}"
EndProject
Global
	GlobalSection(SolutionConfigurationPlatforms) = preSolution
		Debug|Any CPU = Debug|Any CPU
		Release|Any CPU = Release|Any CPU
	EndGlobalSection
	GlobalSection(ProjectConfigurationPlatforms) = postSolution
		{2C5C8EBB-B52E-405A-B0A9-8566157C3016}.Debug|Any CPU.ActiveCfg = Debug|Any CPU
		{2C5C8EBB-B52E-405A-B0A9-8566157C3016}.Debug|Any CPU.Build.0 = Debug|Any CPU
		{2C5C8EBB-B52E-405A-B0A9-8566157C3016}.Release|Any CPU.ActiveCfg = Release|Any CPU
		{2C5C8EBB-B52E-405A-B0A9-8566157C3016}.Release|Any CPU.Build.0 = Release|Any CPU
	EndGlobalSection
	GlobalSection(SolutionProperties) = preSolution
		HideSolutionNode = FALSE
	EndGlobalSection
	GlobalSection(ExtensibilityGlobals) = postSolution
		SolutionGuid = {BF81C74A-43B9-4CE6-B3A0-4FA459A0BB1A}
	EndGlobalSection
EndGlobal
